
Microsoft Visual Studio Solution File, Format Version 12.00
# Visual Studio 15
VisualStudioVersion = 15.0.28307.438
MinimumVisualStudioVersion = 10.0.40219.1
Project("{FAE04EC0-301F-11D3-BF4B-00C04F79EFBC}") = "Match3", "Match3\Match3.csproj", "{63DDC289-7B66-45FE-98B4-0D2CF6855F16}"
EndProject
Global
	GlobalSection(SolutionConfigurationPlatforms) = preSolution
		Debug|Any CPU = Debug|Any CPU
		Release|Any CPU = Release|Any CPU
	EndGlobalSection
	GlobalSection(ProjectConfigurationPlatforms) = postSolution
		{63DDC289-7B66-45FE-98B4-0D2CF6855F16}.Debug|Any CPU.ActiveCfg = Debug|Any CPU
		{63DDC289-7B66-45FE-98B4-0D2CF6855F16}.Debug|Any CPU.Build.0 = Debug|Any CPU
		{63DDC289-7B66-45FE-98B4-0D2CF6855F16}.Release|Any CPU.ActiveCfg = Release|Any CPU
		{63DDC289-7B66-45FE-98B4-0D2CF6855F16}.Release|Any CPU.Build.0 = Release|Any CPU
	EndGlobalSection
	GlobalSection(SolutionProperties) = preSolution
		HideSolutionNode = FALSE
	EndGlobalSection
	GlobalSection(ExtensibilityGlobals) = postSolution
		SolutionGuid = {33597F94-32F7-4DA3-9861-487C2A2D124C}
	EndGlobalSection
EndGlobal
